
Microsoft Visual Studio Solution File, Format Version 11.00
# Visual Studio 2010
Project("{8BC9CEB8-8B4A-11D0-8D11-00A0C91BC942}") = "Observer", "Observer\Observer.vcxproj", "{2A0D3EC5-88B1-4F06-8F29-C17E6632C127}"
EndProject
Global
	GlobalSection(SolutionConfigurationPlatforms) = preSolution
		Debug|Win32 = Debug|Win32
		Release|Win32 = Release|Win32
	EndGlobalSection
	GlobalSection(ProjectConfigurationPlatforms) = postSolution
		{2A0D3EC5-88B1-4F06-8F29-C17E6632C127}.Debug|Win32.ActiveCfg = Debug|Win32
		{2A0D3EC5-88B1-4F06-8F29-C17E6632C127}.Debug|Win32.Build.0 = Debug|Win32
		{2A0D3EC5-88B1-4F06-8F29-C17E6632C127}.Release|Win32.ActiveCfg = Release|Win32
		{2A0D3EC5-88B1-4F06-8F29-C17E6632C127}.Release|Win32.Build.0 = Release|Win32
	EndGlobalSection
	GlobalSection(SolutionProperties) = preSolution
		HideSolutionNode = FALSE
	EndGlobalSection
EndGlobal
